// !$*UTF8*$!
{
	archiveVersion = 1;
	classes = {
	};
	objectVersion = 55;
	objects = {

/* Begin PBXBuildFile section */
		B90C8B3328EB4AB1003D826A /* android-chrome-512x512.png in Resources */ = {isa = PBXBuildFile; fileRef = B90C8B3228EB4AB1003D826A /* android-chrome-512x512.png */; };
		B9B6BB3728E8D686006EA228 /* AppDelegate.swift in Sources */ = {isa = PBXBuildFile; fileRef = B9B6BB3628E8D686006EA228 /* AppDelegate.swift */; };
		B9B6BB3928E8D686006EA228 /* SceneDelegate.swift in Sources */ = {isa = PBXBuildFile; fileRef = B9B6BB3828E8D686006EA228 /* SceneDelegate.swift */; };
		B9B6BB3B28E8D686006EA228 /* ViewController.swift in Sources */ = {isa = PBXBuildFile; fileRef = B9B6BB3A28E8D686006EA228 /* ViewController.swift */; };
		B9B6BB3E28E8D686006EA228 /* Main.storyboard in Resources */ = {isa = PBXBuildFile; fileRef = B9B6BB3C28E8D686006EA228 /* Main.storyboard */; };
		B9B6BB4028E8D689006EA228 /* Assets.xcassets in Resources */ = {isa = PBXBuildFile; fileRef = B9B6BB3F28E8D689006EA228 /* Assets.xcassets */; };
		B9B6BB4328E8D689006EA228 /* LaunchScreen.storyboard in Resources */ = {isa = PBXBuildFile; fileRef = B9B6BB4128E8D689006EA228 /* LaunchScreen.storyboard */; };
		BE09F95D7A09972C6663D5DF /* Pods_ETF_Calculator.framework in Frameworks */ = {isa = PBXBuildFile; fileRef = 764F9F4104997A67D3BC2AD8 /* Pods_ETF_Calculator.framework */; };
/* End PBXBuildFile section */

/* Begin PBXFileReference section */
		673E59AD1509B42B33462DC6 /* Pods-ETF Calculator.release.xcconfig */ = {isa = PBXFileReference; includeInIndex = 1; lastKnownFileType = text.xcconfig; name = "Pods-ETF Calculator.release.xcconfig"; path = "Target Support Files/Pods-ETF Calculator/Pods-ETF Calculator.release.xcconfig"; sourceTree = "<group>"; };
		764F9F4104997A67D3BC2AD8 /* Pods_ETF_Calculator.framework */ = {isa = PBXFileReference; explicitFileType = wrapper.framework; includeInIndex = 0; path = Pods_ETF_Calculator.framework; sourceTree = BUILT_PRODUCTS_DIR; };
		A723F8E8E1B20EA15BC23B05 /* Pods-ETF Calculator.debug.xcconfig */ = {isa = PBXFileReference; includeInIndex = 1; lastKnownFileType = text.xcconfig; name = "Pods-ETF Calculator.debug.xcconfig"; path = "Target Support Files/Pods-ETF Calculator/Pods-ETF Calculator.debug.xcconfig"; sourceTree = "<group>"; };
		B90C8B3228EB4AB1003D826A /* android-chrome-512x512.png */ = {isa = PBXFileReference; lastKnownFileType = image.png; name = "android-chrome-512x512.png"; path = "../../android-chrome-512x512.png"; sourceTree = "<group>"; };
		B9B6BB3328E8D686006EA228 /* ETF Calculator.app */ = {isa = PBXFileReference; explicitFileType = wrapper.application; includeInIndex = 0; path = "ETF Calculator.app"; sourceTree = BUILT_PRODUCTS_DIR; };
		B9B6BB3628E8D686006EA228 /* AppDelegate.swift */ = {isa = PBXFileReference; lastKnownFileType = sourcecode.swift; path = AppDelegate.swift; sourceTree = "<group>"; };
		B9B6BB3828E8D686006EA228 /* SceneDelegate.swift */ = {isa = PBXFileReference; lastKnownFileType = sourcecode.swift; path = SceneDelegate.swift; sourceTree = "<group>"; };
		B9B6BB3A28E8D686006EA228 /* ViewController.swift */ = {isa = PBXFileReference; lastKnownFileType = sourcecode.swift; path = ViewController.swift; sourceTree = "<group>"; };
		B9B6BB3D28E8D686006EA228 /* Base */ = {isa = PBXFileReference; lastKnownFileType = file.storyboard; name = Base; path = Base.lproj/Main.storyboard; sourceTree = "<group>"; };
		B9B6BB3F28E8D689006EA228 /* Assets.xcassets */ = {isa = PBXFileReference; lastKnownFileType = folder.assetcatalog; path = Assets.xcassets; sourceTree = "<group>"; };
		B9B6BB4228E8D689006EA228 /* Base */ = {isa = PBXFileReference; lastKnownFileType = file.storyboard; name = Base; path = Base.lproj/LaunchScreen.storyboard; sourceTree = "<group>"; };
		B9B6BB4428E8D689006EA228 /* Info.plist */ = {isa = PBXFileReference; lastKnownFileType = text.plist.xml; path = Info.plist; sourceTree = "<group>"; };
/* End PBXFileReference section */

/* Begin PBXFrameworksBuildPhase section */
		B9B6BB3028E8D686006EA228 /* Frameworks */ = {
			isa = PBXFrameworksBuildPhase;
			buildActionMask = 2147483647;
			files = (
				BE09F95D7A09972C6663D5DF /* Pods_ETF_Calculator.framework in Frameworks */,
			);
			runOnlyForDeploymentPostprocessing = 0;
		};
/* End PBXFrameworksBuildPhase section */

/* Begin PBXGroup section */
		5D1B077AE3155816A9E0DA88 /* Frameworks */ = {
			isa = PBXGroup;
			children = (
				764F9F4104997A67D3BC2AD8 /* Pods_ETF_Calculator.framework */,
			);
			name = Frameworks;
			sourceTree = "<group>";
		};
		6D9DF910249F94EC4721490D /* Pods */ = {
			isa = PBXGroup;
			children = (
				A723F8E8E1B20EA15BC23B05 /* Pods-ETF Calculator.debug.xcconfig */,
				673E59AD1509B42B33462DC6 /* Pods-ETF Calculator.release.xcconfig */,
			);
			path = Pods;
			sourceTree = "<group>";
		};
		B9B6BB2A28E8D686006EA228 = {
			isa = PBXGroup;
			children = (
				B9B6BB3528E8D686006EA228 /* ETF Calculator */,
				B9B6BB3428E8D686006EA228 /* Products */,
				6D9DF910249F94EC4721490D /* Pods */,
				5D1B077AE3155816A9E0DA88 /* Frameworks */,
			);
			sourceTree = "<group>";
		};
		B9B6BB3428E8D686006EA228 /* Products */ = {
			isa = PBXGroup;
			children = (
				B9B6BB3328E8D686006EA228 /* ETF Calculator.app */,
			);
			name = Products;
			sourceTree = "<group>";
		};
		B9B6BB3528E8D686006EA228 /* ETF Calculator */ = {
			isa = PBXGroup;
			children = (
				B9B6BB3628E8D686006EA228 /* AppDelegate.swift */,
				B9B6BB3828E8D686006EA228 /* SceneDelegate.swift */,
				B9B6BB3A28E8D686006EA228 /* ViewController.swift */,
				B9B6BB3C28E8D686006EA228 /* Main.storyboard */,
				B9B6BB3F28E8D689006EA228 /* Assets.xcassets */,
				B9B6BB4128E8D689006EA228 /* LaunchScreen.storyboard */,
				B9B6BB4428E8D689006EA228 /* Info.plist */,
				B90C8B3228EB4AB1003D826A /* android-chrome-512x512.png */,
			);
			path = "ETF Calculator";
			sourceTree = "<group>";
		};
/* End PBXGroup section */

/* Begin PBXNativeTarget section */
		B9B6BB3228E8D686006EA228 /* ETF Calculator */ = {
			isa = PBXNativeTarget;
			buildConfigurationList = B9B6BB4728E8D689006EA228 /* Build configuration list for PBXNativeTarget "ETF Calculator" */;
			buildPhases = (
				EE6AD26ADB98ACF749AE11B9 /* [CP] Check Pods Manifest.lock */,
				B9B6BB2F28E8D686006EA228 /* Sources */,
				B9B6BB3028E8D686006EA228 /* Frameworks */,
				B9B6BB3128E8D686006EA228 /* Resources */,
				BEBC16418FD3A40E81C2FDB7 /* [CP] Embed Pods Frameworks */,
			);
			buildRules = (
			);
			dependencies = (
			);
			name = "ETF Calculator";
			productName = "ETF Calculator";
			productReference = B9B6BB3328E8D686006EA228 /* ETF Calculator.app */;
			productType = "com.apple.product-type.application";
		};
/* End PBXNativeTarget section */

/* Begin PBXProject section */
		B9B6BB2B28E8D686006EA228 /* Project object */ = {
			isa = PBXProject;
			attributes = {
				BuildIndependentTargetsInParallel = 1;
				LastSwiftUpdateCheck = 1320;
				LastUpgradeCheck = 1320;
				TargetAttributes = {
					B9B6BB3228E8D686006EA228 = {
						CreatedOnToolsVersion = 13.2.1;
					};
				};
			};
			buildConfigurationList = B9B6BB2E28E8D686006EA228 /* Build configuration list for PBXProject "ETF Calculator" */;
			compatibilityVersion = "Xcode 13.0";
			developmentRegion = en;
			hasScannedForEncodings = 0;
			knownRegions = (
				en,
				Base,
			);
			mainGroup = B9B6BB2A28E8D686006EA228;
			productRefGroup = B9B6BB3428E8D686006EA228 /* Products */;
			projectDirPath = "";
			projectRoot = "";
			targets = (
				B9B6BB3228E8D686006EA228 /* ETF Calculator */,
			);
		};
/* End PBXProject section */

/* Begin PBXResourcesBuildPhase section */
		B9B6BB3128E8D686006EA228 /* Resources */ = {
			isa = PBXResourcesBuildPhase;
			buildActionMask = 2147483647;
			files = (
				B9B6BB4328E8D689006EA228 /* LaunchScreen.storyboard in Resources */,
				B9B6BB4028E8D689006EA228 /* Assets.xcassets in Resources */,
				B90C8B3328EB4AB1003D826A /* android-chrome-512x512.png in Resources */,
				B9B6BB3E28E8D686006EA228 /* Main.storyboard in Resources */,
			);
			runOnlyForDeploymentPostprocessing = 0;
		};
/* End PBXResourcesBuildPhase section */

/* Begin PBXShellScriptBuildPhase section */
		BEBC16418FD3A40E81C2FDB7 /* [CP] Embed Pods Frameworks */ = {
			isa = PBXShellScriptBuildPhase;
			buildActionMask = 2147483647;
			files = (
			);
			inputFileListPaths = (
				"${PODS_ROOT}/Target Support Files/Pods-ETF Calculator/Pods-ETF Calculator-frameworks-${CONFIGURATION}-input-files.xcfilelist",
			);
			name = "[CP] Embed Pods Frameworks";
			outputFileListPaths = (
				"${PODS_ROOT}/Target Support Files/Pods-ETF Calculator/Pods-ETF Calculator-frameworks-${CONFIGURATION}-output-files.xcfilelist",
			);
			runOnlyForDeploymentPostprocessing = 0;
			shellPath = /bin/sh;
			shellScript = "\"${PODS_ROOT}/Target Support Files/Pods-ETF Calculator/Pods-ETF Calculator-frameworks.sh\"\n";
			showEnvVarsInLog = 0;
		};
		EE6AD26ADB98ACF749AE11B9 /* [CP] Check Pods Manifest.lock */ = {
			isa = PBXShellScriptBuildPhase;
			buildActionMask = 2147483647;
			files = (
			);
			inputFileListPaths = (
			);
			inputPaths = (
				"${PODS_PODFILE_DIR_PATH}/Podfile.lock",
				"${PODS_ROOT}/Manifest.lock",
			);
			name = "[CP] Check Pods Manifest.lock";
			outputFileListPaths = (
			);
			outputPaths = (
				"$(DERIVED_FILE_DIR)/Pods-ETF Calculator-checkManifestLockResult.txt",
			);
			runOnlyForDeploymentPostprocessing = 0;
			shellPath = /bin/sh;
			shellScript = "diff \"${PODS_PODFILE_DIR_PATH}/Podfile.lock\" \"${PODS_ROOT}/Manifest.lock\" > /dev/null\nif [ $? != 0 ] ; then\n    # print error to STDERR\n    echo \"error: The sandbox is not in sync with the Podfile.lock. Run 'pod install' or update your CocoaPods installation.\" >&2\n    exit 1\nfi\n# This output is used by Xcode 'outputs' to avoid re-running this script phase.\necho \"SUCCESS\" > \"${SCRIPT_OUTPUT_FILE_0}\"\n";
			showEnvVarsInLog = 0;
		};
/* End PBXShellScriptBuildPhase section */

/* Begin PBXSourcesBuildPhase section */
		B9B6BB2F28E8D686006EA228 /* Sources */ = {
			isa = PBXSourcesBuildPhase;
			buildActionMask = 2147483647;
			files = (
				B9B6BB3B28E8D686006EA228 /* ViewController.swift in Sources */,
				B9B6BB3728E8D686006EA228 /* AppDelegate.swift in Sources */,
				B9B6BB3928E8D686006EA228 /* SceneDelegate.swift in Sources */,
			);
			runOnlyForDeploymentPostprocessing = 0;
		};
/* End PBXSourcesBuildPhase section */

/* Begin PBXVariantGroup section */
		B9B6BB3C28E8D686006EA228 /* Main.storyboard */ = {
			isa = PBXVariantGroup;
			children = (
				B9B6BB3D28E8D686006EA228 /* Base */,
			);
			name = Main.storyboard;
			sourceTree = "<group>";
		};
		B9B6BB4128E8D689006EA228 /* LaunchScreen.storyboard */ = {
			isa = PBXVariantGroup;
			children = (
				B9B6BB4228E8D689006EA228 /* Base */,
			);
			name = LaunchScreen.storyboard;
			sourceTree = "<group>";
		};
/* End PBXVariantGroup section */

/* Begin XCBuildConfiguration section */
		B9B6BB4528E8D689006EA228 /* Debug */ = {
			isa = XCBuildConfiguration;
			buildSettings = {
				ALWAYS_SEARCH_USER_PATHS = NO;
				CLANG_ANALYZER_NONNULL = YES;
				CLANG_ANALYZER_NUMBER_OBJECT_CONVERSION = YES_AGGRESSIVE;
				CLANG_CXX_LANGUAGE_STANDARD = "gnu++17";
				CLANG_CXX_LIBRARY = "libc++";
				CLANG_ENABLE_MODULES = YES;
				CLANG_ENABLE_OBJC_ARC = YES;
				CLANG_ENABLE_OBJC_WEAK = YES;
				CLANG_WARN_BLOCK_CAPTURE_AUTORELEASING = YES;
				CLANG_WARN_BOOL_CONVERSION = YES;
				CLANG_WARN_COMMA = YES;
				CLANG_WARN_CONSTANT_CONVERSION = YES;
				CLANG_WARN_DEPRECATED_OBJC_IMPLEMENTATIONS = YES;
				CLANG_WARN_DIRECT_OBJC_ISA_USAGE = YES_ERROR;
				CLANG_WARN_DOCUMENTATION_COMMENTS = YES;
				CLANG_WARN_EMPTY_BODY = YES;
				CLANG_WARN_ENUM_CONVERSION = YES;
				CLANG_WARN_INFINITE_RECURSION = YES;
				CLANG_WARN_INT_CONVERSION = YES;
				CLANG_WARN_NON_LITERAL_NULL_CONVERSION = YES;
				CLANG_WARN_OBJC_IMPLICIT_RETAIN_SELF = YES;
				CLANG_WARN_OBJC_LITERAL_CONVERSION = YES;
				CLANG_WARN_OBJC_ROOT_CLASS = YES_ERROR;
				CLANG_WARN_QUOTED_INCLUDE_IN_FRAMEWORK_HEADER = YES;
				CLANG_WARN_RANGE_LOOP_ANALYSIS = YES;
				CLANG_WARN_STRICT_PROTOTYPES = YES;
				CLANG_WARN_SUSPICIOUS_MOVE = YES;
				CLANG_WARN_UNGUARDED_AVAILABILITY = YES_AGGRESSIVE;
				CLANG_WARN_UNREACHABLE_CODE = YES;
				CLANG_WARN__DUPLICATE_METHOD_MATCH = YES;
				COPY_PHASE_STRIP = NO;
				DEBUG_INFORMATION_FORMAT = dwarf;
				ENABLE_STRICT_OBJC_MSGSEND = YES;
				ENABLE_TESTABILITY = YES;
				GCC_C_LANGUAGE_STANDARD = gnu11;
				GCC_DYNAMIC_NO_PIC = NO;
				GCC_NO_COMMON_BLOCKS = YES;
				GCC_OPTIMIZATION_LEVEL = 0;
				GCC_PREPROCESSOR_DEFINITIONS = (
					"DEBUG=1",
					"$(inherited)",
				);
				GCC_WARN_64_TO_32_BIT_CONVERSION = YES;
				GCC_WARN_ABOUT_RETURN_TYPE = YES_ERROR;
				GCC_WARN_UNDECLARED_SELECTOR = YES;
				GCC_WARN_UNINITIALIZED_AUTOS = YES_AGGRESSIVE;
				GCC_WARN_UNUSED_FUNCTION = YES;
				GCC_WARN_UNUSED_VARIABLE = YES;
				IPHONEOS_DEPLOYMENT_TARGET = 15.2;
				MTL_ENABLE_DEBUG_INFO = INCLUDE_SOURCE;
				MTL_FAST_MATH = YES;
				ONLY_ACTIVE_ARCH = YES;
				SDKROOT = iphoneos;
				SWIFT_ACTIVE_COMPILATION_CONDITIONS = DEBUG;
				SWIFT_OPTIMIZATION_LEVEL = "-Onone";
			};
			name = Debug;
		};
		B9B6BB4628E8D689006EA228 /* Release */ = {
			isa = XCBuildConfiguration;
			buildSettings = {
				ALWAYS_SEARCH_USER_PATHS = NO;
				CLANG_ANALYZER_NONNULL = YES;
				CLANG_ANALYZER_NUMBER_OBJECT_CONVERSION = YES_AGGRESSIVE;
				CLANG_CXX_LANGUAGE_STANDARD = "gnu++17";
				CLANG_CXX_LIBRARY = "libc++";
				CLANG_ENABLE_MODULES = YES;
				CLANG_ENABLE_OBJC_ARC = YES;
				CLANG_ENABLE_OBJC_WEAK = YES;
				CLANG_WARN_BLOCK_CAPTURE_AUTORELEASING = YES;
				CLANG_WARN_BOOL_CONVERSION = YES;
				CLANG_WARN_COMMA = YES;
				CLANG_WARN_CONSTANT_CONVERSION = YES;
				CLANG_WARN_DEPRECATED_OBJC_IMPLEMENTATIONS = YES;
				CLANG_WARN_DIRECT_OBJC_ISA_USAGE = YES_ERROR;
				CLANG_WARN_DOCUMENTATION_COMMENTS = YES;
				CLANG_WARN_EMPTY_BODY = YES;
				CLANG_WARN_ENUM_CONVERSION = YES;
				CLANG_WARN_INFINITE_RECURSION = YES;
				CLANG_WARN_INT_CONVERSION = YES;
				CLANG_WARN_NON_LITERAL_NULL_CONVERSION = YES;
				CLANG_WARN_OBJC_IMPLICIT_RETAIN_SELF = YES;
				CLANG_WARN_OBJC_LITERAL_CONVERSION = YES;
				CLANG_WARN_OBJC_ROOT_CLASS = YES_ERROR;
				CLANG_WARN_QUOTED_INCLUDE_IN_FRAMEWORK_HEADER = YES;
				CLANG_WARN_RANGE_LOOP_ANALYSIS = YES;
				CLANG_WARN_STRICT_PROTOTYPES = YES;
				CLANG_WARN_SUSPICIOUS_MOVE = YES;
				CLANG_WARN_UNGUARDED_AVAILABILITY = YES_AGGRESSIVE;
				CLANG_WARN_UNREACHABLE_CODE = YES;
				CLANG_WARN__DUPLICATE_METHOD_MATCH = YES;
				COPY_PHASE_STRIP = NO;
				DEBUG_INFORMATION_FORMAT = "dwarf-with-dsym";
				ENABLE_NS_ASSERTIONS = NO;
				ENABLE_STRICT_OBJC_MSGSEND = YES;
				GCC_C_LANGUAGE_STANDARD = gnu11;
				GCC_NO_COMMON_BLOCKS = YES;
				GCC_WARN_64_TO_32_BIT_CONVERSION = YES;
				GCC_WARN_ABOUT_RETURN_TYPE = YES_ERROR;
				GCC_WARN_UNDECLARED_SELECTOR = YES;
				GCC_WARN_UNINITIALIZED_AUTOS = YES_AGGRESSIVE;
				GCC_WARN_UNUSED_FUNCTION = YES;
				GCC_WARN_UNUSED_VARIABLE = YES;
				IPHONEOS_DEPLOYMENT_TARGET = 15.2;
				MTL_ENABLE_DEBUG_INFO = NO;
				MTL_FAST_MATH = YES;
				SDKROOT = iphoneos;
				SWIFT_COMPILATION_MODE = wholemodule;
				SWIFT_OPTIMIZATION_LEVEL = "-O";
				VALIDATE_PRODUCT = YES;
			};
			name = Release;
		};
		B9B6BB4828E8D689006EA228 /* Debug */ = {
			isa = XCBuildConfiguration;
			baseConfigurationReference = A723F8E8E1B20EA15BC23B05 /* Pods-ETF Calculator.debug.xcconfig */;
			buildSettings = {
				ASSETCATALOG_COMPILER_APPICON_NAME = AppIcon;
				ASSETCATALOG_COMPILER_GLOBAL_ACCENT_COLOR_NAME = AccentColor;
				CODE_SIGN_IDENTITY = "Apple Development";
				CODE_SIGN_STYLE = Automatic;
				CURRENT_PROJECT_VERSION = 7;
				DEVELOPMENT_TEAM = HNRK32U6CL;
				GENERATE_INFOPLIST_FILE = YES;
				INFOPLIST_FILE = "ETF Calculator/Info.plist";
				INFOPLIST_KEY_UIApplicationSupportsIndirectInputEvents = YES;
				INFOPLIST_KEY_UILaunchStoryboardName = LaunchScreen;
				INFOPLIST_KEY_UIMainStoryboardFile = Main;
				INFOPLIST_KEY_UISupportedInterfaceOrientations_iPad = "UIInterfaceOrientationPortrait UIInterfaceOrientationPortraitUpsideDown UIInterfaceOrientationLandscapeLeft UIInterfaceOrientationLandscapeRight";
				INFOPLIST_KEY_UISupportedInterfaceOrientations_iPhone = "UIInterfaceOrientationPortrait UIInterfaceOrientationLandscapeLeft UIInterfaceOrientationLandscapeRight";
				LD_RUNPATH_SEARCH_PATHS = (
					"$(inherited)",
					"@executable_path/Frameworks",
				);
				MARKETING_VERSION = 1.0.6;
				PRODUCT_BUNDLE_IDENTIFIER = "app.etf-calculator.com";
				PRODUCT_NAME = "$(TARGET_NAME)";
				PROVISIONING_PROFILE_SPECIFIER = "";
				SWIFT_EMIT_LOC_STRINGS = YES;
				SWIFT_VERSION = 5.0;
				TARGETED_DEVICE_FAMILY = "1,2";
			};
			name = Debug;
		};
		B9B6BB4928E8D689006EA228 /* Release */ = {
			isa = XCBuildConfiguration;
			baseConfigurationReference = 673E59AD1509B42B33462DC6 /* Pods-ETF Calculator.release.xcconfig */;
			buildSettings = {
				ASSETCATALOG_COMPILER_APPICON_NAME = AppIcon;
				ASSETCATALOG_COMPILER_GLOBAL_ACCENT_COLOR_NAME = AccentColor;
				CODE_SIGN_IDENTITY = "Apple Development";
				CODE_SIGN_STYLE = Automatic;
				CURRENT_PROJECT_VERSION = 7;
				DEVELOPMENT_TEAM = HNRK32U6CL;
				GENERATE_INFOPLIST_FILE = YES;
				INFOPLIST_FILE = "ETF Calculator/Info.plist";
				INFOPLIST_KEY_UIApplicationSupportsIndirectInputEvents = YES;
				INFOPLIST_KEY_UILaunchStoryboardName = LaunchScreen;
				INFOPLIST_KEY_UIMainStoryboardFile = Main;
				INFOPLIST_KEY_UISupportedInterfaceOrientations_iPad = "UIInterfaceOrientationPortrait UIInterfaceOrientationPortraitUpsideDown UIInterfaceOrientationLandscapeLeft UIInterfaceOrientationLandscapeRight";
				INFOPLIST_KEY_UISupportedInterfaceOrientations_iPhone = "UIInterfaceOrientationPortrait UIInterfaceOrientationLandscapeLeft UIInterfaceOrientationLandscapeRight";
				LD_RUNPATH_SEARCH_PATHS = (
					"$(inherited)",
					"@executable_path/Frameworks",
				);
				MARKETING_VERSION = 1.0.6;
				PRODUCT_BUNDLE_IDENTIFIER = "app.etf-calculator.com";
				PRODUCT_NAME = "$(TARGET_NAME)";
				PROVISIONING_PROFILE_SPECIFIER = "";
				SWIFT_EMIT_LOC_STRINGS = YES;
				SWIFT_VERSION = 5.0;
				TARGETED_DEVICE_FAMILY = "1,2";
			};
			name = Release;
		};
/* End XCBuildConfiguration section */

/* Begin XCConfigurationList section */
		B9B6BB2E28E8D686006EA228 /* Build configuration list for PBXProject "ETF Calculator" */ = {
			isa = XCConfigurationList;
			buildConfigurations = (
				B9B6BB4528E8D689006EA228 /* Debug */,
				B9B6BB4628E8D689006EA228 /* Release */,
			);
			defaultConfigurationIsVisible = 0;
			defaultConfigurationName = Release;
		};
		B9B6BB4728E8D689006EA228 /* Build configuration list for PBXNativeTarget "ETF Calculator" */ = {
			isa = XCConfigurationList;
			buildConfigurations = (
				B9B6BB4828E8D689006EA228 /* Debug */,
				B9B6BB4928E8D689006EA228 /* Release */,
			);
			defaultConfigurationIsVisible = 0;
			defaultConfigurationName = Release;
		};
/* End XCConfigurationList section */
	};
	rootObject = B9B6BB2B28E8D686006EA228 /* Project object */;
}
